Microsoft Visual Studio Solution File, Format Version 12.00
# Visual Studio Version 17
VisualStudioVersion = 17.5.2.0
MinimumVisualStudioVersion = 10.0.40219.1
Project("{FAE04EC0-301F-11D3-BF4B-00C04F79EFBC}") = "CACTOC", "CACTOC.csproj", "{4B783350-1AF7-F93B-FE53-43F9851FDCC4}"
EndProject
Global
	GlobalSection(SolutionConfigurationPlatforms) = preSolution
		Debug|Any CPU = Debug|Any CPU
		Release|Any CPU = Release|Any CPU
	EndGlobalSection
	GlobalSection(ProjectConfigurationPlatforms) = postSolution
		{4B783350-1AF7-F93B-FE53-43F9851FDCC4}.Debug|Any CPU.ActiveCfg = Debug|Any CPU
		{4B783350-1AF7-F93B-FE53-43F9851FDCC4}.Debug|Any CPU.Build.0 = Debug|Any CPU
		{4B783350-1AF7-F93B-FE53-43F9851FDCC4}.Release|Any CPU.ActiveCfg = Release|Any CPU
		{4B783350-1AF7-F93B-FE53-43F9851FDCC4}.Release|Any CPU.Build.0 = Release|Any CPU
	EndGlobalSection
	GlobalSection(SolutionProperties) = preSolution
		HideSolutionNode = FALSE
	EndGlobalSection
	GlobalSection(ExtensibilityGlobals) = postSolution
		SolutionGuid = {6010597A-32E5-4633-9EFD-F6AEA002B9E1}
	EndGlobalSection
EndGlobal
